// !$*UTF8*$!
{
	archiveVersion = 1;
	classes = {
	};
	objectVersion = 46;
	objects = {

/* Begin PBXBuildFile section */
		B25002BF139558F700670D11 /* UIKit.framework in Frameworks */ = {isa = PBXBuildFile; fileRef = B25002BE139558F700670D11 /* UIKit.framework */; };
		B25002C1139558F700670D11 /* Foundation.framework in Frameworks */ = {isa = PBXBuildFile; fileRef = B25002C0139558F700670D11 /* Foundation.framework */; };
		B25002C3139558F700670D11 /* CoreGraphics.framework in Frameworks */ = {isa = PBXBuildFile; fileRef = B25002C2139558F700670D11 /* CoreGraphics.framework */; };
		B25002C9139558F700670D11 /* InfoPlist.strings in Resources */ = {isa = PBXBuildFile; fileRef = B25002C7139558F700670D11 /* InfoPlist.strings */; };
		B25002CC139558F700670D11 /* main.m in Sources */ = {isa = PBXBuildFile; fileRef = B25002CB139558F700670D11 /* main.m */; };
		B25002CF139558F700670D11 /* PRTweenExampleAppDelegate.m in Sources */ = {isa = PBXBuildFile; fileRef = B25002CE139558F700670D11 /* PRTweenExampleAppDelegate.m */; };
		B25002D2139558F700670D11 /* MainWindow.xib in Resources */ = {isa = PBXBuildFile; fileRef = B25002D0139558F700670D11 /* MainWindow.xib */; };
		B25002D5139558F700670D11 /* PRTweenExampleViewController.m in Sources */ = {isa = PBXBuildFile; fileRef = B25002D4139558F700670D11 /* PRTweenExampleViewController.m */; };
		B25002D8139558F700670D11 /* PRTweenExampleViewController.xib in Resources */ = {isa = PBXBuildFile; fileRef = B25002D6139558F700670D11 /* PRTweenExampleViewController.xib */; };
		B4794CE814D20D5500C5088E /* QuartzCore.framework in Frameworks */ = {isa = PBXBuildFile; fileRef = B4794CE714D20D5500C5088E /* QuartzCore.framework */; };
		B4A2EBFD13C8AFAE006EB549 /* PRTweenTimingFunctions.m in Sources */ = {isa = PBXBuildFile; fileRef = B4A2EBFB13C8AFAE006EB549 /* PRTweenTimingFunctions.m */; };
		B4F3069513C8BFCA00355204 /* PRTween.m in Sources */ = {isa = PBXBuildFile; fileRef = B4F3069313C8BFCA00355204 /* PRTween.m */; };
/* End PBXBuildFile section */

/* Begin PBXFileReference section */
		B25002BA139558F700670D11 /* PRTween.app */ = {isa = PBXFileReference; explicitFileType = wrapper.application; includeInIndex = 0; path = PRTween.app; sourceTree = BUILT_PRODUCTS_DIR; };
		B25002BE139558F700670D11 /* UIKit.framework */ = {isa = PBXFileReference; lastKnownFileType = wrapper.framework; name = UIKit.framework; path = System/Library/Frameworks/UIKit.framework; sourceTree = SDKROOT; };
		B25002C0139558F700670D11 /* Foundation.framework */ = {isa = PBXFileReference; lastKnownFileType = wrapper.framework; name = Foundation.framework; path = System/Library/Frameworks/Foundation.framework; sourceTree = SDKROOT; };
		B25002C2139558F700670D11 /* CoreGraphics.framework */ = {isa = PBXFileReference; lastKnownFileType = wrapper.framework; name = CoreGraphics.framework; path = System/Library/Frameworks/CoreGraphics.framework; sourceTree = SDKROOT; };
		B25002C6139558F700670D11 /* PRTween-Info.plist */ = {isa = PBXFileReference; lastKnownFileType = text.plist; path = "PRTween-Info.plist"; sourceTree = "<group>"; };
		B25002C8139558F700670D11 /* en */ = {isa = PBXFileReference; lastKnownFileType = text.plist.strings; name = en; path = en.lproj/InfoPlist.strings; sourceTree = "<group>"; };
		B25002CA139558F700670D11 /* PRTween-Prefix.pch */ = {isa = PBXFileReference; lastKnownFileType = sourcecode.c.h; path = "PRTween-Prefix.pch"; sourceTree = "<group>"; };
		B25002CB139558F700670D11 /* main.m */ = {isa = PBXFileReference; lastKnownFileType = sourcecode.c.objc; path = main.m; sourceTree = "<group>"; };
		B25002CD139558F700670D11 /* PRTweenExampleAppDelegate.h */ = {isa = PBXFileReference; lastKnownFileType = sourcecode.c.h; path = PRTweenExampleAppDelegate.h; sourceTree = "<group>"; };
		B25002CE139558F700670D11 /* PRTweenExampleAppDelegate.m */ = {isa = PBXFileReference; lastKnownFileType = sourcecode.c.objc; path = PRTweenExampleAppDelegate.m; sourceTree = "<group>"; };
		B25002D1139558F700670D11 /* en */ = {isa = PBXFileReference; lastKnownFileType = file.xib; name = en; path = en.lproj/MainWindow.xib; sourceTree = "<group>"; };
		B25002D3139558F700670D11 /* PRTweenExampleViewController.h */ = {isa = PBXFileReference; lastKnownFileType = sourcecode.c.h; path = PRTweenExampleViewController.h; sourceTree = "<group>"; };
		B25002D4139558F700670D11 /* PRTweenExampleViewController.m */ = {isa = PBXFileReference; lastKnownFileType = sourcecode.c.objc; path = PRTweenExampleViewController.m; sourceTree = "<group>"; };
		B25002D7139558F700670D11 /* en */ = {isa = PBXFileReference; lastKnownFileType = file.xib; name = en; path = en.lproj/PRTweenExampleViewController.xib; sourceTree = "<group>"; };
		B25002DE1395591F00670D11 /* PRTween.h */ = {isa = PBXFileReference; fileEncoding = 4; lastKnownFileType = sourcecode.c.h; name = PRTween.h; path = ../lib/PRTween.h; sourceTree = "<group>"; };
		B4794CE714D20D5500C5088E /* QuartzCore.framework */ = {isa = PBXFileReference; lastKnownFileType = wrapper.framework; name = QuartzCore.framework; path = System/Library/Frameworks/QuartzCore.framework; sourceTree = SDKROOT; };
		B4A2EBFB13C8AFAE006EB549 /* PRTweenTimingFunctions.m */ = {isa = PBXFileReference; fileEncoding = 4; lastKnownFileType = sourcecode.c.objc; name = PRTweenTimingFunctions.m; path = ../lib/PRTweenTimingFunctions.m; sourceTree = "<group>"; };
		B4A2EBFC13C8AFAE006EB549 /* PRTweenTimingFunctions.h */ = {isa = PBXFileReference; fileEncoding = 4; lastKnownFileType = sourcecode.c.h; name = PRTweenTimingFunctions.h; path = ../lib/PRTweenTimingFunctions.h; sourceTree = "<group>"; };
		B4F3069313C8BFCA00355204 /* PRTween.m */ = {isa = PBXFileReference; fileEncoding = 4; lastKnownFileType = sourcecode.c.objc; name = PRTween.m; path = ../lib/PRTween.m; sourceTree = "<group>"; };
/* End PBXFileReference section */

/* Begin PBXFrameworksBuildPhase section */
		B25002B7139558F700670D11 /* Frameworks */ = {
			isa = PBXFrameworksBuildPhase;
			buildActionMask = 2147483647;
			files = (
				B4794CE814D20D5500C5088E /* QuartzCore.framework in Frameworks */,
				B25002BF139558F700670D11 /* UIKit.framework in Frameworks */,
				B25002C1139558F700670D11 /* Foundation.framework in Frameworks */,
				B25002C3139558F700670D11 /* CoreGraphics.framework in Frameworks */,
			);
			runOnlyForDeploymentPostprocessing = 0;
		};
/* End PBXFrameworksBuildPhase section */

/* Begin PBXGroup section */
		B25002AF139558F700670D11 = {
			isa = PBXGroup;
			children = (
				B4794CE714D20D5500C5088E /* QuartzCore.framework */,
				B262C66A1397D0550092094F /* Example */,
				B25002C4139558F700670D11 /* PRTween */,
				B25002BD139558F700670D11 /* Frameworks */,
				B25002BB139558F700670D11 /* Products */,
			);
			sourceTree = "<group>";
		};
		B25002BB139558F700670D11 /* Products */ = {
			isa = PBXGroup;
			children = (
				B25002BA139558F700670D11 /* PRTween.app */,
			);
			name = Products;
			sourceTree = "<group>";
		};
		B25002BD139558F700670D11 /* Frameworks */ = {
			isa = PBXGroup;
			children = (
				B25002BE139558F700670D11 /* UIKit.framework */,
				B25002C0139558F700670D11 /* Foundation.framework */,
				B25002C2139558F700670D11 /* CoreGraphics.framework */,
			);
			name = Frameworks;
			sourceTree = "<group>";
		};
		B25002C4139558F700670D11 /* PRTween */ = {
			isa = PBXGroup;
			children = (
				B25002DE1395591F00670D11 /* PRTween.h */,
				B4F3069313C8BFCA00355204 /* PRTween.m */,
				B4A2EBFB13C8AFAE006EB549 /* PRTweenTimingFunctions.m */,
				B4A2EBFC13C8AFAE006EB549 /* PRTweenTimingFunctions.h */,
			);
			name = PRTween;
			sourceTree = "<group>";
		};
		B25002C5139558F700670D11 /* Supporting Files */ = {
			isa = PBXGroup;
			children = (
				B25002C6139558F700670D11 /* PRTween-Info.plist */,
				B25002C7139558F700670D11 /* InfoPlist.strings */,
				B25002CA139558F700670D11 /* PRTween-Prefix.pch */,
				B25002CB139558F700670D11 /* main.m */,
			);
			name = "Supporting Files";
			sourceTree = "<group>";
		};
		B262C66A1397D0550092094F /* Example */ = {
			isa = PBXGroup;
			children = (
				B25002D0139558F700670D11 /* MainWindow.xib */,
				B25002CD139558F700670D11 /* PRTweenExampleAppDelegate.h */,
				B25002CE139558F700670D11 /* PRTweenExampleAppDelegate.m */,
				B25002D3139558F700670D11 /* PRTweenExampleViewController.h */,
				B25002D4139558F700670D11 /* PRTweenExampleViewController.m */,
				B25002D6139558F700670D11 /* PRTweenExampleViewController.xib */,
				B25002C5139558F700670D11 /* Supporting Files */,
			);
			name = Example;
			sourceTree = "<group>";
		};
/* End PBXGroup section */

/* Begin PBXNativeTarget section */
		B25002B9139558F700670D11 /* PRTween */ = {
			isa = PBXNativeTarget;
			buildConfigurationList = B25002DB139558F700670D11 /* Build configuration list for PBXNativeTarget "PRTween" */;
			buildPhases = (
				B25002B6139558F700670D11 /* Sources */,
				B25002B7139558F700670D11 /* Frameworks */,
				B25002B8139558F700670D11 /* Resources */,
			);
			buildRules = (
			);
			dependencies = (
			);
			name = PRTween;
			productName = JSTween;
			productReference = B25002BA139558F700670D11 /* PRTween.app */;
			productType = "com.apple.product-type.application";
		};
/* End PBXNativeTarget section */

/* Begin PBXProject section */
		B25002B1139558F700670D11 /* Project object */ = {
			isa = PBXProject;
			attributes = {
				LastUpgradeCheck = 0430;
				ORGANIZATIONNAME = Jetsetter;
			};
			buildConfigurationList = B25002B4139558F700670D11 /* Build configuration list for PBXProject "PRTween" */;
			compatibilityVersion = "Xcode 3.2";
			developmentRegion = English;
			hasScannedForEncodings = 0;
			knownRegions = (
				en,
			);
			mainGroup = B25002AF139558F700670D11;
			productRefGroup = B25002BB139558F700670D11 /* Products */;
			projectDirPath = "";
			projectRoot = "";
			targets = (
				B25002B9139558F700670D11 /* PRTween */,
			);
		};
/* End PBXProject section */

/* Begin PBXResourcesBuildPhase section */
		B25002B8139558F700670D11 /* Resources */ = {
			isa = PBXResourcesBuildPhase;
			buildActionMask = 2147483647;
			files = (
				B25002C9139558F700670D11 /* InfoPlist.strings in Resources */,
				B25002D2139558F700670D11 /* MainWindow.xib in Resources */,
				B25002D8139558F700670D11 /* PRTweenExampleViewController.xib in Resources */,
			);
			runOnlyForDeploymentPostprocessing = 0;
		};
/* End PBXResourcesBuildPhase section */

/* Begin PBXSourcesBuildPhase section */
		B25002B6139558F700670D11 /* Sources */ = {
			isa = PBXSourcesBuildPhase;
			buildActionMask = 2147483647;
			files = (
				B25002CC139558F700670D11 /* main.m in Sources */,
				B25002CF139558F700670D11 /* PRTweenExampleAppDelegate.m in Sources */,
				B25002D5139558F700670D11 /* PRTweenExampleViewController.m in Sources */,
				B4A2EBFD13C8AFAE006EB549 /* PRTweenTimingFunctions.m in Sources */,
				B4F3069513C8BFCA00355204 /* PRTween.m in Sources */,
			);
			runOnlyForDeploymentPostprocessing = 0;
		};
/* End PBXSourcesBuildPhase section */

/* Begin PBXVariantGroup section */
		B25002C7139558F700670D11 /* InfoPlist.strings */ = {
			isa = PBXVariantGroup;
			children = (
				B25002C8139558F700670D11 /* en */,
			);
			name = InfoPlist.strings;
			sourceTree = "<group>";
		};
		B25002D0139558F700670D11 /* MainWindow.xib */ = {
			isa = PBXVariantGroup;
			children = (
				B25002D1139558F700670D11 /* en */,
			);
			name = MainWindow.xib;
			sourceTree = "<group>";
		};
		B25002D6139558F700670D11 /* PRTweenExampleViewController.xib */ = {
			isa = PBXVariantGroup;
			children = (
				B25002D7139558F700670D11 /* en */,
			);
			name = PRTweenExampleViewController.xib;
			sourceTree = "<group>";
		};
/* End PBXVariantGroup section */

/* Begin XCBuildConfiguration section */
		B25002D9139558F700670D11 /* Debug */ = {
			isa = XCBuildConfiguration;
			buildSettings = {
				ARCHS = "$(ARCHS_UNIVERSAL_IPHONE_OS)";
				"CODE_SIGN_IDENTITY[sdk=iphoneos*]" = "iPhone Developer";
				GCC_C_LANGUAGE_STANDARD = gnu99;
				GCC_OPTIMIZATION_LEVEL = 0;
				GCC_PREPROCESSOR_DEFINITIONS = DEBUG;
				GCC_SYMBOLS_PRIVATE_EXTERN = NO;
				GCC_VERSION = com.apple.compilers.llvmgcc42;
				GCC_WARN_ABOUT_RETURN_TYPE = YES;
				GCC_WARN_UNUSED_VARIABLE = YES;
				IPHONEOS_DEPLOYMENT_TARGET = 4.3;
				SDKROOT = iphoneos;
				TARGETED_DEVICE_FAMILY = 2;
			};
			name = Debug;
		};
		B25002DA139558F700670D11 /* Release */ = {
			isa = XCBuildConfiguration;
			buildSettings = {
				ARCHS = "$(ARCHS_UNIVERSAL_IPHONE_OS)";
				"CODE_SIGN_IDENTITY[sdk=iphoneos*]" = "iPhone Developer";
				GCC_C_LANGUAGE_STANDARD = gnu99;
				GCC_VERSION = com.apple.compilers.llvmgcc42;
				GCC_WARN_ABOUT_RETURN_TYPE = YES;
				GCC_WARN_UNUSED_VARIABLE = YES;
				IPHONEOS_DEPLOYMENT_TARGET = 4.3;
				OTHER_CFLAGS = "-DNS_BLOCK_ASSERTIONS=1";
				SDKROOT = iphoneos;
				TARGETED_DEVICE_FAMILY = 2;
			};
			name = Release;
		};
		B25002DC139558F700670D11 /* Debug */ = {
			isa = XCBuildConfiguration;
			buildSettings = {
				ALWAYS_SEARCH_USER_PATHS = NO;
				CLANG_ENABLE_OBJC_ARC = YES;
				COPY_PHASE_STRIP = NO;
				GCC_DYNAMIC_NO_PIC = NO;
				GCC_PRECOMPILE_PREFIX_HEADER = YES;
				GCC_PREFIX_HEADER = "PRTween-Prefix.pch";
				GCC_VERSION = com.apple.compilers.llvm.clang.1_0;
				INFOPLIST_FILE = "PRTween-Info.plist";
				IPHONEOS_DEPLOYMENT_TARGET = 5.0;
				PRODUCT_NAME = "$(TARGET_NAME)";
				SDKROOT = iphoneos;
				WRAPPER_EXTENSION = app;
			};
			name = Debug;
		};
		B25002DD139558F700670D11 /* Release */ = {
			isa = XCBuildConfiguration;
			buildSettings = {
				ALWAYS_SEARCH_USER_PATHS = NO;
				CLANG_ENABLE_OBJC_ARC = YES;
				COPY_PHASE_STRIP = YES;
				GCC_PRECOMPILE_PREFIX_HEADER = YES;
				GCC_PREFIX_HEADER = "PRTween-Prefix.pch";
				GCC_VERSION = com.apple.compilers.llvm.clang.1_0;
				INFOPLIST_FILE = "PRTween-Info.plist";
				IPHONEOS_DEPLOYMENT_TARGET = 5.0;
				PRODUCT_NAME = "$(TARGET_NAME)";
				SDKROOT = iphoneos;
				VALIDATE_PRODUCT = YES;
				WRAPPER_EXTENSION = app;
			};
			name = Release;
		};
/* End XCBuildConfiguration section */

/* Begin XCConfigurationList section */
		B25002B4139558F700670D11 /* Build configuration list for PBXProject "PRTween" */ = {
			isa = XCConfigurationList;
			buildConfigurations = (
				B25002D9139558F700670D11 /* Debug */,
				B25002DA139558F700670D11 /* Release */,
			);
			defaultConfigurationIsVisible = 0;
			defaultConfigurationName = Release;
		};
		B25002DB139558F700670D11 /* Build configuration list for PBXNativeTarget "PRTween" */ = {
			isa = XCConfigurationList;
			buildConfigurations = (
				B25002DC139558F700670D11 /* Debug */,
				B25002DD139558F700670D11 /* Release */,
			);
			defaultConfigurationIsVisible = 0;
			defaultConfigurationName = Release;
		};
/* End XCConfigurationList section */
	};
	rootObject = B25002B1139558F700670D11 /* Project object */;
}
